
Microsoft Visual Studio Solution File, Format Version 12.00
# Visual Studio Version 17
VisualStudioVersion = 17.7.34221.43
MinimumVisualStudioVersion = 10.0.40219.1
Project("{FAE04EC0-301F-11D3-BF4B-00C04F79EFBC}") = "GH", "GH\GH.csproj", "{5A7CFDE6-EB23-4D9E-A1E6-7D063820D8F2}"
EndProject
Global
	GlobalSection(SolutionConfigurationPlatforms) = preSolution
		Debug|Any CPU = Debug|Any CPU
		Release|Any CPU = Release|Any CPU
	EndGlobalSection
	GlobalSection(ProjectConfigurationPlatforms) = postSolution
		{5A7CFDE6-EB23-4D9E-A1E6-7D063820D8F2}.Debug|Any CPU.ActiveCfg = Debug|Any CPU
		{5A7CFDE6-EB23-4D9E-A1E6-7D063820D8F2}.Debug|Any CPU.Build.0 = Debug|Any CPU
		{5A7CFDE6-EB23-4D9E-A1E6-7D063820D8F2}.Release|Any CPU.ActiveCfg = Release|Any CPU
		{5A7CFDE6-EB23-4D9E-A1E6-7D063820D8F2}.Release|Any CPU.Build.0 = Release|Any CPU
	EndGlobalSection
	GlobalSection(SolutionProperties) = preSolution
		HideSolutionNode = FALSE
	EndGlobalSection
	GlobalSection(ExtensibilityGlobals) = postSolution
		SolutionGuid = {6B445528-5367-4CA0-8845-1C63C78E3A03}
	EndGlobalSection
EndGlobal
